
Microsoft Visual Studio Solution File, Format Version 12.00
# Visual Studio Version 17
VisualStudioVersion = 17.4.33205.214
MinimumVisualStudioVersion = 10.0.40219.1
Project("{FAE04EC0-301F-11D3-BF4B-00C04F79EFBC}") = "BankProject", "BankProject\BankProject.csproj", "{CC3D6576-B134-47BD-9C7A-AADF7C22C258}"
EndProject
Global
	GlobalSection(SolutionConfigurationPlatforms) = preSolution
		Debug|Any CPU = Debug|Any CPU
		Release|Any CPU = Release|Any CPU
	EndGlobalSection
	GlobalSection(ProjectConfigurationPlatforms) = postSolution
		{CC3D6576-B134-47BD-9C7A-AADF7C22C258}.Debug|Any CPU.ActiveCfg = Debug|Any CPU
		{CC3D6576-B134-47BD-9C7A-AADF7C22C258}.Debug|Any CPU.Build.0 = Debug|Any CPU
		{CC3D6576-B134-47BD-9C7A-AADF7C22C258}.Release|Any CPU.ActiveCfg = Release|Any CPU
		{CC3D6576-B134-47BD-9C7A-AADF7C22C258}.Release|Any CPU.Build.0 = Release|Any CPU
	EndGlobalSection
	GlobalSection(SolutionProperties) = preSolution
		HideSolutionNode = FALSE
	EndGlobalSection
	GlobalSection(ExtensibilityGlobals) = postSolution
		SolutionGuid = {531C41A9-BC77-4AC3-B0F3-797053B89C01}
	EndGlobalSection
EndGlobal
